
Microsoft Visual Studio Solution File, Format Version 12.00
# Visual Studio Version 16
VisualStudioVersion = 16.0.31129.286
MinimumVisualStudioVersion = 10.0.40219.1
Project("{FAE04EC0-301F-11D3-BF4B-00C04F79EFBC}") = "Employee_payroll_multithreding", "Employee_payroll_multithreding\Employee_payroll_multithreding.csproj", "{ABBF422A-1632-4189-A38C-FF451CC4ADF9}"
EndProject
Project("{FAE04EC0-301F-11D3-BF4B-00C04F79EFBC}") = "EmpPayrollMStest", "EmpPayrollMStest\EmpPayrollMStest.csproj", "{5BC06320-0415-4CFB-B04F-41D16B4AD412}"
EndProject
Global
	GlobalSection(SolutionConfigurationPlatforms) = preSolution
		Debug|Any CPU = Debug|Any CPU
		Release|Any CPU = Release|Any CPU
	EndGlobalSection
	GlobalSection(ProjectConfigurationPlatforms) = postSolution
		{ABBF422A-1632-4189-A38C-FF451CC4ADF9}.Debug|Any CPU.ActiveCfg = Debug|Any CPU
		{ABBF422A-1632-4189-A38C-FF451CC4ADF9}.Debug|Any CPU.Build.0 = Debug|Any CPU
		{ABBF422A-1632-4189-A38C-FF451CC4ADF9}.Release|Any CPU.ActiveCfg = Release|Any CPU
		{ABBF422A-1632-4189-A38C-FF451CC4ADF9}.Release|Any CPU.Build.0 = Release|Any CPU
		{5BC06320-0415-4CFB-B04F-41D16B4AD412}.Debug|Any CPU.ActiveCfg = Debug|Any CPU
		{5BC06320-0415-4CFB-B04F-41D16B4AD412}.Debug|Any CPU.Build.0 = Debug|Any CPU
		{5BC06320-0415-4CFB-B04F-41D16B4AD412}.Release|Any CPU.ActiveCfg = Release|Any CPU
		{5BC06320-0415-4CFB-B04F-41D16B4AD412}.Release|Any CPU.Build.0 = Release|Any CPU
	EndGlobalSection
	GlobalSection(SolutionProperties) = preSolution
		HideSolutionNode = FALSE
	EndGlobalSection
	GlobalSection(ExtensibilityGlobals) = postSolution
		SolutionGuid = {98F6C138-CCD3-47DF-9C73-BB0379637736}
	EndGlobalSection
EndGlobal
